
Microsoft Visual Studio Solution File, Format Version 12.00
# Visual Studio Version 17
VisualStudioVersion = 17.6.33829.357
MinimumVisualStudioVersion = 10.0.40219.1
Project("{9A19103F-16F7-4668-BE54-9A1E7A4F7556}") = "MathLibrary", "MathLibrary.csproj", "{0D4BE91C-2460-4719-B162-BB572CBA2907}"
EndProject
Project("{FAE04EC0-301F-11D3-BF4B-00C04F79EFBC}") = "Tests", "..\Tests\Tests.csproj", "{59D3FF14-FA6C-42AC-B6D1-B0CFAAD1BCF7}"
EndProject
Global
	GlobalSection(SolutionConfigurationPlatforms) = preSolution
		Debug|Any CPU = Debug|Any CPU
		Release|Any CPU = Release|Any CPU
	EndGlobalSection
	GlobalSection(ProjectConfigurationPlatforms) = postSolution
		{0D4BE91C-2460-4719-B162-BB572CBA2907}.Debug|Any CPU.ActiveCfg = Debug|Any CPU
		{0D4BE91C-2460-4719-B162-BB572CBA2907}.Debug|Any CPU.Build.0 = Debug|Any CPU
		{0D4BE91C-2460-4719-B162-BB572CBA2907}.Release|Any CPU.ActiveCfg = Release|Any CPU
		{0D4BE91C-2460-4719-B162-BB572CBA2907}.Release|Any CPU.Build.0 = Release|Any CPU
		{59D3FF14-FA6C-42AC-B6D1-B0CFAAD1BCF7}.Debug|Any CPU.ActiveCfg = Debug|Any CPU
		{59D3FF14-FA6C-42AC-B6D1-B0CFAAD1BCF7}.Debug|Any CPU.Build.0 = Debug|Any CPU
		{59D3FF14-FA6C-42AC-B6D1-B0CFAAD1BCF7}.Release|Any CPU.ActiveCfg = Release|Any CPU
		{59D3FF14-FA6C-42AC-B6D1-B0CFAAD1BCF7}.Release|Any CPU.Build.0 = Release|Any CPU
	EndGlobalSection
	GlobalSection(SolutionProperties) = preSolution
		HideSolutionNode = FALSE
	EndGlobalSection
	GlobalSection(ExtensibilityGlobals) = postSolution
		SolutionGuid = {94B6AAF9-0D61-435E-9DD5-31D09231EBC8}
	EndGlobalSection
EndGlobal
